
Microsoft Visual Studio Solution File, Format Version 12.00
# Visual Studio 15
VisualStudioVersion = 15.0.28307.902
MinimumVisualStudioVersion = 10.0.40219.1
Project("{FAE04EC0-301F-11D3-BF4B-00C04F79EFBC}") = "Passagens", "Passagens\Passagens.csproj", "{190B3B31-BC74-43BF-ABA1-E133DAB66326}"
EndProject
Global
	GlobalSection(SolutionConfigurationPlatforms) = preSolution
		Debug|Any CPU = Debug|Any CPU
		Release|Any CPU = Release|Any CPU
	EndGlobalSection
	GlobalSection(ProjectConfigurationPlatforms) = postSolution
		{190B3B31-BC74-43BF-ABA1-E133DAB66326}.Debug|Any CPU.ActiveCfg = Debug|Any CPU
		{190B3B31-BC74-43BF-ABA1-E133DAB66326}.Debug|Any CPU.Build.0 = Debug|Any CPU
		{190B3B31-BC74-43BF-ABA1-E133DAB66326}.Release|Any CPU.ActiveCfg = Release|Any CPU
		{190B3B31-BC74-43BF-ABA1-E133DAB66326}.Release|Any CPU.Build.0 = Release|Any CPU
	EndGlobalSection
	GlobalSection(SolutionProperties) = preSolution
		HideSolutionNode = FALSE
	EndGlobalSection
	GlobalSection(ExtensibilityGlobals) = postSolution
		SolutionGuid = {A53A19F9-231E-4324-89A6-7A5294FFDC3C}
	EndGlobalSection
EndGlobal
